# THIS IS AN AUTOGENERATED FILE. DO NOT EDIT THIS FILE DIRECTLY.
# yarn lockfile v1


react-hook-form@^7.44.3:
  version "7.44.3"
  resolved "https://registry.yarnpkg.com/react-hook-form/-/react-hook-form-7.44.3.tgz#a99e560c6ef2b668db1daaebc4f98267331b6828"
  integrity sha512-/tHId6p2ViAka1wECMw8FEPn/oz/w226zehHrJyQ1oIzCBNMIJCaj6ZkQcv+MjDxYh9MWR7RQic7Qqwe4a5nkw==
